{
  "name": "economee",
  "lockfileVersion": 3,
  "requires": true,
  "packages": {
    "": {
      "dependencies": {
        "@ngneat/effects": "^2.1.2",
        "@ngneat/effects-hooks": "^1.1.0",
        "@ngneat/effects-ng": "^3.1.3",
        "@ngneat/elf": "^2.5.1",
        "@ngneat/elf-cli-ng": "^1.0.0",
        "@ngneat/elf-devtools": "^1.3.0",
        "@ngneat/elf-entities": "^5.0.1",
        "@ngneat/elf-pagination": "^1.1.0",
        "@ngneat/elf-persist-state": "^1.2.1",
        "@ngneat/elf-requests": "^1.9.2",
        "@ngneat/elf-state-history": "^1.4.0",
        "@ngneat/react-rxjs": "^1.1.0"
      }
    },
    "node_modules/@angular/core": {
      "version": "17.2.4",
      "resolved": "https://registry.npmjs.org/@angular/core/-/core-17.2.4.tgz",
      "integrity": "sha512-5Bko+vk7H1Ce57MHuRcpZtq2Srq5euufSvwg0piPozp0yYmCqNoYN7c128kgi6PbiPQeAnKRzRbEuYd1YCU4Tw==",
      "peer": true,
      "dependencies": {
        "tslib": "^2.3.0"
      },
      "engines": {
        "node": "^18.13.0 || >=20.9.0"
      },
      "peerDependencies": {
        "rxjs": "^6.5.3 || ^7.4.0",
        "zone.js": "~0.14.0"
      }
    },
    "node_modules/@ngneat/effects": {
      "version": "2.1.2",
      "resolved": "https://registry.npmjs.org/@ngneat/effects/-/effects-2.1.2.tgz",
      "integrity": "sha512-LCjcQ+65vwOCUgQ9PL82xWZQjSryM7S4sGd6tvj0hjK/MRF+clm15y5ID97BAhENwZvnXUaWUOZhzjtF9iqd/A==",
      "dependencies": {
        "rxjs": "*",
        "ts-action": "11.0.0",
        "ts-action-operators": "9.1.2"
      }
    },
    "node_modules/@ngneat/effects-hooks": {
      "version": "1.1.0",
      "resolved": "https://registry.npmjs.org/@ngneat/effects-hooks/-/effects-hooks-1.1.0.tgz",
      "integrity": "sha512-cc27/T851brUhRwPAwU6L/S50DbWksHsQhTmx7wgls93pkuCeuodvqukEulO3CkbDCf2IW7Sa1JFIKJbl9oALw==",
      "dependencies": {
        "@ngneat/effects": "*",
        "rxjs": "*",
        "ts-action": "11.0.0",
        "ts-action-operators": "9.1.2"
      },
      "peerDependencies": {
        "react": "*",
        "rxjs": "*"
      }
    },
    "node_modules/@ngneat/effects-ng": {
      "version": "3.1.3",
      "resolved": "https://registry.npmjs.org/@ngneat/effects-ng/-/effects-ng-3.1.3.tgz",
      "integrity": "sha512-7IIcLNzoPYKN0Wo9YdWCf+d6idOY+HSa80xLndPahiFuN10+s0oZ5XZI8onVJ36UlnyXRTbuteA1pDBxgwh71A==",
      "dependencies": {
        "@ngneat/effects": "*",
        "rxjs": "*",
        "ts-action": "11.0.0",
        "ts-action-operators": "9.1.2",
        "tslib": "^2.3.0"
      },
      "peerDependencies": {
        "@angular/core": ">=15.0.0"
      }
    },
    "node_modules/@ngneat/elf": {
      "version": "2.5.1",
      "resolved": "https://registry.npmjs.org/@ngneat/elf/-/elf-2.5.1.tgz",
      "integrity": "sha512-13BItNZFgHglTiXuP9XhisNczwQ5QSzH+imAv9nAPsdbCq/3ortqkIYRnlxB8DGPVcuIjLujQ4OcZa+9QWgZtw==",
      "peerDependencies": {
        "rxjs": ">=7.0.0"
      }
    },
    "node_modules/@ngneat/elf-cli-ng": {
      "version": "1.0.0",
      "resolved": "https://registry.npmjs.org/@ngneat/elf-cli-ng/-/elf-cli-ng-1.0.0.tgz",
      "integrity": "sha512-twAvWL5tEtBy/Q65kqoa5aaSE4kG1sFGLZH7QPJwLEBuFayDIzyhT/swJQVLZc+Dv6M4cdHpAyLAg3OfeuWd+Q=="
    },
    "node_modules/@ngneat/elf-devtools": {
      "version": "1.3.0",
      "resolved": "https://registry.npmjs.org/@ngneat/elf-devtools/-/elf-devtools-1.3.0.tgz",
      "integrity": "sha512-J9+4Vk/S/nKFGnXGZUDYrIx/K8Jfv4TLpzR3voBSOtSeq+c8Q0hdmo8iW7oaK6y5FWFDk0VJktlEh9cjylYxFg=="
    },
    "node_modules/@ngneat/elf-entities": {
      "version": "5.0.1",
      "resolved": "https://registry.npmjs.org/@ngneat/elf-entities/-/elf-entities-5.0.1.tgz",
      "integrity": "sha512-yUvZ8SxW2379nRRO8EDRhzd0cbjAQctVWcl9Lfi36IUI+d9ifQrYxaHSDVITIajB4gAgA0qJhuYwRU5L8FAMuA==",
      "peerDependencies": {
        "@ngneat/elf": ">=2.5.0",
        "rxjs": ">=7.0.0"
      }
    },
    "node_modules/@ngneat/elf-pagination": {
      "version": "1.1.0",
      "resolved": "https://registry.npmjs.org/@ngneat/elf-pagination/-/elf-pagination-1.1.0.tgz",
      "integrity": "sha512-MhaeHxRXlLMDg4SIidWS/USr82l8tJ5/QKl8JbOTWDu6YAygVb2pwlXITPFG0Nk2dusRTt5/P2JcGdcxQK6//Q==",
      "peerDependencies": {
        "@ngneat/elf-entities": "*"
      }
    },
    "node_modules/@ngneat/elf-persist-state": {
      "version": "1.2.1",
      "resolved": "https://registry.npmjs.org/@ngneat/elf-persist-state/-/elf-persist-state-1.2.1.tgz",
      "integrity": "sha512-R+5IRLC35cDT403sSs37UeqqOpHNnCwHl3eicPv/Rc+JJ7Av1bcQClSF2mHC0jE4pkYmEuVghpzUntvmrKCCwA==",
      "peerDependencies": {
        "rxjs": ">=7.0.0"
      }
    },
    "node_modules/@ngneat/elf-requests": {
      "version": "1.9.2",
      "resolved": "https://registry.npmjs.org/@ngneat/elf-requests/-/elf-requests-1.9.2.tgz",
      "integrity": "sha512-DSlUVGlltkxcCjH0lWIjSJLz7SAR6ZdGtVwQumip7pXdxeSYmYFnqIwDObR4Cbd3Jbmx0jQs+C9VSbgTDhtdLA=="
    },
    "node_modules/@ngneat/elf-state-history": {
      "version": "1.4.0",
      "resolved": "https://registry.npmjs.org/@ngneat/elf-state-history/-/elf-state-history-1.4.0.tgz",
      "integrity": "sha512-tjKGVfd96npOyxQUgMSzfeybtRxSlvCcIWCeMTeWOfwYyPO2Z3FjGIzDupDUZdV0MY/6jWOiCxP4aNhj0z6YRQ==",
      "peerDependencies": {
        "@ngneat/elf-entities": "*"
      }
    },
    "node_modules/@ngneat/react-rxjs": {
      "version": "1.1.0",
      "resolved": "https://registry.npmjs.org/@ngneat/react-rxjs/-/react-rxjs-1.1.0.tgz",
      "integrity": "sha512-dxZNnnv+9Fsf/ipoXd/jaCIhz6ruxDFeUaX80vFa5a+Y/v3iyjgEFEQyZEfGDciQspabLt6XLHNDrMJAHV/03w==",
      "peerDependencies": {
        "react": "*",
        "rxjs": "*"
      }
    },
    "node_modules/js-tokens": {
      "version": "4.0.0",
      "resolved": "https://registry.npmjs.org/js-tokens/-/js-tokens-4.0.0.tgz",
      "integrity": "sha512-RdJUflcE3cUzKiMqQgsCu06FPu9UdIJO0beYbPhHN4k6apgJtifcoCtT9bcxOpYBtpD2kCM6Sbzg4CausW/PKQ==",
      "peer": true
    },
    "node_modules/loose-envify": {
      "version": "1.4.0",
      "resolved": "https://registry.npmjs.org/loose-envify/-/loose-envify-1.4.0.tgz",
      "integrity": "sha512-lyuxPGr/Wfhrlem2CL/UcnUc1zcqKAImBDzukY7Y5F/yQiNdko6+fRLevlw1HgMySw7f611UIY408EtxRSoK3Q==",
      "peer": true,
      "dependencies": {
        "js-tokens": "^3.0.0 || ^4.0.0"
      },
      "bin": {
        "loose-envify": "cli.js"
      }
    },
    "node_modules/react": {
      "version": "18.2.0",
      "resolved": "https://registry.npmjs.org/react/-/react-18.2.0.tgz",
      "integrity": "sha512-/3IjMdb2L9QbBdWiW5e3P2/npwMBaU9mHCSCUzNln0ZCYbcfTsGbTJrU/kGemdH2IWmB2ioZ+zkxtmq6g09fGQ==",
      "peer": true,
      "dependencies": {
        "loose-envify": "^1.1.0"
      },
      "engines": {
        "node": ">=0.10.0"
      }
    },
    "node_modules/rxjs": {
      "version": "7.8.1",
      "resolved": "https://registry.npmjs.org/rxjs/-/rxjs-7.8.1.tgz",
      "integrity": "sha512-AA3TVj+0A2iuIoQkWEK/tqFjBq2j+6PO6Y0zJcvzLAFhEFIO3HL0vls9hWLncZbAAbK0mar7oZ4V079I/qPMxg==",
      "dependencies": {
        "tslib": "^2.1.0"
      }
    },
    "node_modules/ts-action": {
      "version": "11.0.0",
      "resolved": "https://registry.npmjs.org/ts-action/-/ts-action-11.0.0.tgz",
      "integrity": "sha512-TDxvzZ5UtKsBuw0McRs/L+iASj80m60nV8EXCP680ZdIl+oRHPGnBk85sZJWXLzqQwb6yQ+CcMzPTfBr0dEaAA=="
    },
    "node_modules/ts-action-operators": {
      "version": "9.1.2",
      "resolved": "https://registry.npmjs.org/ts-action-operators/-/ts-action-operators-9.1.2.tgz",
      "integrity": "sha512-DZ+sJvBdOluThwCBcCdDnz0NiVeQxEwveL+cmkJGLO1ps+x/D0xwSefmOIa1S7p2nXFHH52ZPr/8VEvxZHaNgg==",
      "peerDependencies": {
        "rxjs": ">=6.0.0",
        "ts-action": "^11.0.0 || ^10.0.0 || ^9.0.0"
      }
    },
    "node_modules/tslib": {
      "version": "2.6.2",
      "resolved": "https://registry.npmjs.org/tslib/-/tslib-2.6.2.tgz",
      "integrity": "sha512-AEYxH93jGFPn/a2iVAwW87VuUIkR1FVUKB77NwMF7nBTDkDrrT/Hpt/IrCJ0QXhW27jTBDcf5ZY7w6RiqTMw2Q=="
    },
    "node_modules/zone.js": {
      "version": "0.14.4",
      "resolved": "https://registry.npmjs.org/zone.js/-/zone.js-0.14.4.tgz",
      "integrity": "sha512-NtTUvIlNELez7Q1DzKVIFZBzNb646boQMgpATo9z3Ftuu/gWvzxCW7jdjcUDoRGxRikrhVHB/zLXh1hxeJawvw==",
      "peer": true,
      "dependencies": {
        "tslib": "^2.3.0"
      }
    }
  }
}
